// !$*UTF8*$!
{
	archiveVersion = 1;
	classes = {
	};
	objectVersion = 46;
	objects = {

/* Begin PBXBuildFile section */
		3057248C1A5F252200192403 /* StatisticsViewController.m in Sources */ = {isa = PBXBuildFile; fileRef = 3057248A1A5F252200192403 /* StatisticsViewController.m */; };
		3057248D1A5F252200192403 /* StatisticsViewController.xib in Resources */ = {isa = PBXBuildFile; fileRef = 3057248B1A5F252200192403 /* StatisticsViewController.xib */; };
		308E97531A5B13EB00BC9C7B /* Team.m in Sources */ = {isa = PBXBuildFile; fileRef = 308E97521A5B13EB00BC9C7B /* Team.m */; };
		308E97561A5B13EC00BC9C7B /* Player.m in Sources */ = {isa = PBXBuildFile; fileRef = 308E97551A5B13EC00BC9C7B /* Player.m */; };
		30F68A251A58358B009CF572 /* main.m in Sources */ = {isa = PBXBuildFile; fileRef = 30F68A241A58358B009CF572 /* main.m */; };
		30F68A281A58358B009CF572 /* AppDelegate.m in Sources */ = {isa = PBXBuildFile; fileRef = 30F68A271A58358B009CF572 /* AppDelegate.m */; };
		30F68A2B1A58358B009CF572 /* Task1.xcdatamodeld in Sources */ = {isa = PBXBuildFile; fileRef = 30F68A291A58358B009CF572 /* Task1.xcdatamodeld */; };
		30F68A2E1A58358B009CF572 /* TeamViewController.m in Sources */ = {isa = PBXBuildFile; fileRef = 30F68A2D1A58358B009CF572 /* TeamViewController.m */; };
		30F68A311A58358B009CF572 /* PlayerDetailViewController.m in Sources */ = {isa = PBXBuildFile; fileRef = 30F68A301A58358B009CF572 /* PlayerDetailViewController.m */; };
		30F68A341A58358B009CF572 /* Main.storyboard in Resources */ = {isa = PBXBuildFile; fileRef = 30F68A321A58358B009CF572 /* Main.storyboard */; };
		30F68A361A58358B009CF572 /* Images.xcassets in Resources */ = {isa = PBXBuildFile; fileRef = 30F68A351A58358B009CF572 /* Images.xcassets */; };
		30F68A391A58358B009CF572 /* LaunchScreen.xib in Resources */ = {isa = PBXBuildFile; fileRef = 30F68A371A58358B009CF572 /* LaunchScreen.xib */; };
		30F68A451A58358B009CF572 /* Task1Tests.m in Sources */ = {isa = PBXBuildFile; fileRef = 30F68A441A58358B009CF572 /* Task1Tests.m */; };
		30F68A691A58603F009CF572 /* CreatePlayerViewController.m in Sources */ = {isa = PBXBuildFile; fileRef = 30F68A671A58603F009CF572 /* CreatePlayerViewController.m */; };
		30F68A6A1A58603F009CF572 /* CreatePlayerViewController.xib in Resources */ = {isa = PBXBuildFile; fileRef = 30F68A681A58603F009CF572 /* CreatePlayerViewController.xib */; };
		BA92FC01CA5F8B535EE4DBCD /* libPods-Task1.a in Frameworks */ = {isa = PBXBuildFile; fileRef = 1B6163C7B8DC7766AF912291 /* libPods-Task1.a */; };
/* End PBXBuildFile section */

/* Begin PBXContainerItemProxy section */
		30F68A3F1A58358B009CF572 /* PBXContainerItemProxy */ = {
			isa = PBXContainerItemProxy;
			containerPortal = 30F68A171A58358B009CF572 /* Project object */;
			proxyType = 1;
			remoteGlobalIDString = 30F68A1E1A58358B009CF572;
			remoteInfo = Task1;
		};
/* End PBXContainerItemProxy section */

/* Begin PBXFileReference section */
		080F959EB9B5D56AAA12C556 /* Pods-Task1.release.xcconfig */ = {isa = PBXFileReference; includeInIndex = 1; lastKnownFileType = text.xcconfig; name = "Pods-Task1.release.xcconfig"; path = "Pods/Target Support Files/Pods-Task1/Pods-Task1.release.xcconfig"; sourceTree = "<group>"; };
		1B6163C7B8DC7766AF912291 /* libPods-Task1.a */ = {isa = PBXFileReference; explicitFileType = archive.ar; includeInIndex = 0; path = "libPods-Task1.a"; sourceTree = BUILT_PRODUCTS_DIR; };
		305724891A5F252200192403 /* StatisticsViewController.h */ = {isa = PBXFileReference; fileEncoding = 4; lastKnownFileType = sourcecode.c.h; path = StatisticsViewController.h; sourceTree = "<group>"; };
		3057248A1A5F252200192403 /* StatisticsViewController.m */ = {isa = PBXFileReference; fileEncoding = 4; lastKnownFileType = sourcecode.c.objc; path = StatisticsViewController.m; sourceTree = "<group>"; };
		3057248B1A5F252200192403 /* StatisticsViewController.xib */ = {isa = PBXFileReference; fileEncoding = 4; lastKnownFileType = file.xib; path = StatisticsViewController.xib; sourceTree = "<group>"; };
		308E97511A5B13EB00BC9C7B /* Team.h */ = {isa = PBXFileReference; fileEncoding = 4; lastKnownFileType = sourcecode.c.h; path = Team.h; sourceTree = "<group>"; };
		308E97521A5B13EB00BC9C7B /* Team.m */ = {isa = PBXFileReference; fileEncoding = 4; lastKnownFileType = sourcecode.c.objc; path = Team.m; sourceTree = "<group>"; };
		308E97541A5B13EC00BC9C7B /* Player.h */ = {isa = PBXFileReference; fileEncoding = 4; lastKnownFileType = sourcecode.c.h; path = Player.h; sourceTree = "<group>"; };
		308E97551A5B13EC00BC9C7B /* Player.m */ = {isa = PBXFileReference; fileEncoding = 4; lastKnownFileType = sourcecode.c.objc; path = Player.m; sourceTree = "<group>"; };
		30F68A1F1A58358B009CF572 /* Task1.app */ = {isa = PBXFileReference; explicitFileType = wrapper.application; includeInIndex = 0; path = Task1.app; sourceTree = BUILT_PRODUCTS_DIR; };
		30F68A231A58358B009CF572 /* Info.plist */ = {isa = PBXFileReference; lastKnownFileType = text.plist.xml; path = Info.plist; sourceTree = "<group>"; };
		30F68A241A58358B009CF572 /* main.m */ = {isa = PBXFileReference; lastKnownFileType = sourcecode.c.objc; path = main.m; sourceTree = "<group>"; };
		30F68A261A58358B009CF572 /* AppDelegate.h */ = {isa = PBXFileReference; lastKnownFileType = sourcecode.c.h; path = AppDelegate.h; sourceTree = "<group>"; };
		30F68A271A58358B009CF572 /* AppDelegate.m */ = {isa = PBXFileReference; lastKnownFileType = sourcecode.c.objc; path = AppDelegate.m; sourceTree = "<group>"; };
		30F68A2A1A58358B009CF572 /* Task1.xcdatamodel */ = {isa = PBXFileReference; lastKnownFileType = wrapper.xcdatamodel; path = Task1.xcdatamodel; sourceTree = "<group>"; };
		30F68A2C1A58358B009CF572 /* TeamViewController.h */ = {isa = PBXFileReference; lastKnownFileType = sourcecode.c.h; path = TeamViewController.h; sourceTree = "<group>"; };
		30F68A2D1A58358B009CF572 /* TeamViewController.m */ = {isa = PBXFileReference; lastKnownFileType = sourcecode.c.objc; path = TeamViewController.m; sourceTree = "<group>"; };
		30F68A2F1A58358B009CF572 /* PlayerDetailViewController.h */ = {isa = PBXFileReference; lastKnownFileType = sourcecode.c.h; path = PlayerDetailViewController.h; sourceTree = "<group>"; };
		30F68A301A58358B009CF572 /* PlayerDetailViewController.m */ = {isa = PBXFileReference; lastKnownFileType = sourcecode.c.objc; path = PlayerDetailViewController.m; sourceTree = "<group>"; };
		30F68A331A58358B009CF572 /* Base */ = {isa = PBXFileReference; lastKnownFileType = file.storyboard; name = Base; path = Base.lproj/Main.storyboard; sourceTree = "<group>"; };
		30F68A351A58358B009CF572 /* Images.xcassets */ = {isa = PBXFileReference; lastKnownFileType = folder.assetcatalog; path = Images.xcassets; sourceTree = "<group>"; };
		30F68A381A58358B009CF572 /* Base */ = {isa = PBXFileReference; lastKnownFileType = file.xib; name = Base; path = Base.lproj/LaunchScreen.xib; sourceTree = "<group>"; };
		30F68A3E1A58358B009CF572 /* Task1Tests.xctest */ = {isa = PBXFileReference; explicitFileType = wrapper.cfbundle; includeInIndex = 0; path = Task1Tests.xctest; sourceTree = BUILT_PRODUCTS_DIR; };
		30F68A431A58358B009CF572 /* Info.plist */ = {isa = PBXFileReference; lastKnownFileType = text.plist.xml; path = Info.plist; sourceTree = "<group>"; };
		30F68A441A58358B009CF572 /* Task1Tests.m */ = {isa = PBXFileReference; lastKnownFileType = sourcecode.c.objc; path = Task1Tests.m; sourceTree = "<group>"; };
		30F68A661A58603F009CF572 /* CreatePlayerViewController.h */ = {isa = PBXFileReference; fileEncoding = 4; lastKnownFileType = sourcecode.c.h; path = CreatePlayerViewController.h; sourceTree = "<group>"; };
		30F68A671A58603F009CF572 /* CreatePlayerViewController.m */ = {isa = PBXFileReference; fileEncoding = 4; lastKnownFileType = sourcecode.c.objc; path = CreatePlayerViewController.m; sourceTree = "<group>"; };
		30F68A681A58603F009CF572 /* CreatePlayerViewController.xib */ = {isa = PBXFileReference; fileEncoding = 4; lastKnownFileType = file.xib; path = CreatePlayerViewController.xib; sourceTree = "<group>"; };
		57835F5E0DB07EAB5A46F36D /* Pods-Task1.debug.xcconfig */ = {isa = PBXFileReference; includeInIndex = 1; lastKnownFileType = text.xcconfig; name = "Pods-Task1.debug.xcconfig"; path = "Pods/Target Support Files/Pods-Task1/Pods-Task1.debug.xcconfig"; sourceTree = "<group>"; };
/* End PBXFileReference section */

/* Begin PBXFrameworksBuildPhase section */
		30F68A1C1A58358B009CF572 /* Frameworks */ = {
			isa = PBXFrameworksBuildPhase;
			buildActionMask = 2147483647;
			files = (
				BA92FC01CA5F8B535EE4DBCD /* libPods-Task1.a in Frameworks */,
			);
			runOnlyForDeploymentPostprocessing = 0;
		};
		30F68A3B1A58358B009CF572 /* Frameworks */ = {
			isa = PBXFrameworksBuildPhase;
			buildActionMask = 2147483647;
			files = (
			);
			runOnlyForDeploymentPostprocessing = 0;
		};
/* End PBXFrameworksBuildPhase section */

/* Begin PBXGroup section */
		30D3E46D1A5EDFC50025A99D /* Statistics */ = {
			isa = PBXGroup;
			children = (
				305724891A5F252200192403 /* StatisticsViewController.h */,
				3057248A1A5F252200192403 /* StatisticsViewController.m */,
				3057248B1A5F252200192403 /* StatisticsViewController.xib */,
			);
			name = Statistics;
			sourceTree = "<group>";
		};
		30F68A161A58358B009CF572 = {
			isa = PBXGroup;
			children = (
				30F68A211A58358B009CF572 /* Task1 */,
				30F68A411A58358B009CF572 /* Task1Tests */,
				30F68A201A58358B009CF572 /* Products */,
				E72F4CA2350E6672002A0F11 /* Pods */,
				8B2F2CAA2E4F752FC1A4007D /* Frameworks */,
			);
			sourceTree = "<group>";
		};
		30F68A201A58358B009CF572 /* Products */ = {
			isa = PBXGroup;
			children = (
				30F68A1F1A58358B009CF572 /* Task1.app */,
				30F68A3E1A58358B009CF572 /* Task1Tests.xctest */,
			);
			name = Products;
			sourceTree = "<group>";
		};
		30F68A211A58358B009CF572 /* Task1 */ = {
			isa = PBXGroup;
			children = (
				30F68A4E1A583591009CF572 /* Application */,
				30F68A4F1A583599009CF572 /* Controllers */,
				30F68A501A5835E7009CF572 /* Models */,
				30F68A511A5836CA009CF572 /* Resources */,
				30F68A221A58358B009CF572 /* Supporting Files */,
			);
			path = Task1;
			sourceTree = "<group>";
		};
		30F68A221A58358B009CF572 /* Supporting Files */ = {
			isa = PBXGroup;
			children = (
				30F68A321A58358B009CF572 /* Main.storyboard */,
				30F68A371A58358B009CF572 /* LaunchScreen.xib */,
				30F68A231A58358B009CF572 /* Info.plist */,
				30F68A241A58358B009CF572 /* main.m */,
			);
			name = "Supporting Files";
			sourceTree = "<group>";
		};
		30F68A411A58358B009CF572 /* Task1Tests */ = {
			isa = PBXGroup;
			children = (
				30F68A441A58358B009CF572 /* Task1Tests.m */,
				30F68A421A58358B009CF572 /* Supporting Files */,
			);
			path = Task1Tests;
			sourceTree = "<group>";
		};
		30F68A421A58358B009CF572 /* Supporting Files */ = {
			isa = PBXGroup;
			children = (
				30F68A431A58358B009CF572 /* Info.plist */,
			);
			name = "Supporting Files";
			sourceTree = "<group>";
		};
		30F68A4E1A583591009CF572 /* Application */ = {
			isa = PBXGroup;
			children = (
				30F68A261A58358B009CF572 /* AppDelegate.h */,
				30F68A271A58358B009CF572 /* AppDelegate.m */,
			);
			name = Application;
			sourceTree = "<group>";
		};
		30F68A4F1A583599009CF572 /* Controllers */ = {
			isa = PBXGroup;
			children = (
				30D3E46D1A5EDFC50025A99D /* Statistics */,
				30F68A551A5848C1009CF572 /* Team */,
				30F68A541A5848A7009CF572 /* Player */,
			);
			name = Controllers;
			sourceTree = "<group>";
		};
		30F68A501A5835E7009CF572 /* Models */ = {
			isa = PBXGroup;
			children = (
				30F68A291A58358B009CF572 /* Task1.xcdatamodeld */,
				308E97541A5B13EC00BC9C7B /* Player.h */,
				308E97551A5B13EC00BC9C7B /* Player.m */,
				308E97511A5B13EB00BC9C7B /* Team.h */,
				308E97521A5B13EB00BC9C7B /* Team.m */,
			);
			name = Models;
			sourceTree = "<group>";
		};
		30F68A511A5836CA009CF572 /* Resources */ = {
			isa = PBXGroup;
			children = (
				30F68A351A58358B009CF572 /* Images.xcassets */,
			);
			name = Resources;
			sourceTree = "<group>";
		};
		30F68A541A5848A7009CF572 /* Player */ = {
			isa = PBXGroup;
			children = (
				30F68A651A584CE6009CF572 /* PlayerDetail */,
				30F68A641A584CDA009CF572 /* CreatePlayer */,
			);
			name = Player;
			sourceTree = "<group>";
		};
		30F68A551A5848C1009CF572 /* Team */ = {
			isa = PBXGroup;
			children = (
				30F68A2C1A58358B009CF572 /* TeamViewController.h */,
				30F68A2D1A58358B009CF572 /* TeamViewController.m */,
			);
			name = Team;
			sourceTree = "<group>";
		};
		30F68A641A584CDA009CF572 /* CreatePlayer */ = {
			isa = PBXGroup;
			children = (
				30F68A661A58603F009CF572 /* CreatePlayerViewController.h */,
				30F68A671A58603F009CF572 /* CreatePlayerViewController.m */,
				30F68A681A58603F009CF572 /* CreatePlayerViewController.xib */,
			);
			name = CreatePlayer;
			sourceTree = "<group>";
		};
		30F68A651A584CE6009CF572 /* PlayerDetail */ = {
			isa = PBXGroup;
			children = (
				30F68A2F1A58358B009CF572 /* PlayerDetailViewController.h */,
				30F68A301A58358B009CF572 /* PlayerDetailViewController.m */,
			);
			name = PlayerDetail;
			sourceTree = "<group>";
		};
		8B2F2CAA2E4F752FC1A4007D /* Frameworks */ = {
			isa = PBXGroup;
			children = (
				1B6163C7B8DC7766AF912291 /* libPods-Task1.a */,
			);
			name = Frameworks;
			sourceTree = "<group>";
		};
		E72F4CA2350E6672002A0F11 /* Pods */ = {
			isa = PBXGroup;
			children = (
				57835F5E0DB07EAB5A46F36D /* Pods-Task1.debug.xcconfig */,
				080F959EB9B5D56AAA12C556 /* Pods-Task1.release.xcconfig */,
			);
			name = Pods;
			sourceTree = "<group>";
		};
/* End PBXGroup section */

/* Begin PBXNativeTarget section */
		30F68A1E1A58358B009CF572 /* Task1 */ = {
			isa = PBXNativeTarget;
			buildConfigurationList = 30F68A481A58358B009CF572 /* Build configuration list for PBXNativeTarget "Task1" */;
			buildPhases = (
				69875D77A44556F733A5D6E0 /* Check Pods Manifest.lock */,
				30F68A1B1A58358B009CF572 /* Sources */,
				30F68A1C1A58358B009CF572 /* Frameworks */,
				30F68A1D1A58358B009CF572 /* Resources */,
				57E14A1E5C2770522E34183D /* Copy Pods Resources */,
			);
			buildRules = (
			);
			dependencies = (
			);
			name = Task1;
			productName = Task1;
			productReference = 30F68A1F1A58358B009CF572 /* Task1.app */;
			productType = "com.apple.product-type.application";
		};
		30F68A3D1A58358B009CF572 /* Task1Tests */ = {
			isa = PBXNativeTarget;
			buildConfigurationList = 30F68A4B1A58358B009CF572 /* Build configuration list for PBXNativeTarget "Task1Tests" */;
			buildPhases = (
				30F68A3A1A58358B009CF572 /* Sources */,
				30F68A3B1A58358B009CF572 /* Frameworks */,
				30F68A3C1A58358B009CF572 /* Resources */,
			);
			buildRules = (
			);
			dependencies = (
				30F68A401A58358B009CF572 /* PBXTargetDependency */,
			);
			name = Task1Tests;
			productName = Task1Tests;
			productReference = 30F68A3E1A58358B009CF572 /* Task1Tests.xctest */;
			productType = "com.apple.product-type.bundle.unit-test";
		};
/* End PBXNativeTarget section */

/* Begin PBXProject section */
		30F68A171A58358B009CF572 /* Project object */ = {
			isa = PBXProject;
			attributes = {
				LastUpgradeCheck = 0610;
				ORGANIZATIONNAME = "Rechich Roman";
				TargetAttributes = {
					30F68A1E1A58358B009CF572 = {
						CreatedOnToolsVersion = 6.1.1;
					};
					30F68A3D1A58358B009CF572 = {
						CreatedOnToolsVersion = 6.1.1;
						TestTargetID = 30F68A1E1A58358B009CF572;
					};
				};
			};
			buildConfigurationList = 30F68A1A1A58358B009CF572 /* Build configuration list for PBXProject "Task1" */;
			compatibilityVersion = "Xcode 3.2";
			developmentRegion = English;
			hasScannedForEncodings = 0;
			knownRegions = (
				en,
				Base,
			);
			mainGroup = 30F68A161A58358B009CF572;
			productRefGroup = 30F68A201A58358B009CF572 /* Products */;
			projectDirPath = "";
			projectRoot = "";
			targets = (
				30F68A1E1A58358B009CF572 /* Task1 */,
				30F68A3D1A58358B009CF572 /* Task1Tests */,
			);
		};
/* End PBXProject section */

/* Begin PBXResourcesBuildPhase section */
		30F68A1D1A58358B009CF572 /* Resources */ = {
			isa = PBXResourcesBuildPhase;
			buildActionMask = 2147483647;
			files = (
				30F68A341A58358B009CF572 /* Main.storyboard in Resources */,
				30F68A391A58358B009CF572 /* LaunchScreen.xib in Resources */,
				30F68A361A58358B009CF572 /* Images.xcassets in Resources */,
				30F68A6A1A58603F009CF572 /* CreatePlayerViewController.xib in Resources */,
				3057248D1A5F252200192403 /* StatisticsViewController.xib in Resources */,
			);
			runOnlyForDeploymentPostprocessing = 0;
		};
		30F68A3C1A58358B009CF572 /* Resources */ = {
			isa = PBXResourcesBuildPhase;
			buildActionMask = 2147483647;
			files = (
			);
			runOnlyForDeploymentPostprocessing = 0;
		};
/* End PBXResourcesBuildPhase section */

/* Begin PBXShellScriptBuildPhase section */
		57E14A1E5C2770522E34183D /* Copy Pods Resources */ = {
			isa = PBXShellScriptBuildPhase;
			buildActionMask = 2147483647;
			files = (
			);
			inputPaths = (
			);
			name = "Copy Pods Resources";
			outputPaths = (
			);
			runOnlyForDeploymentPostprocessing = 0;
			shellPath = /bin/sh;
			shellScript = "\"${SRCROOT}/Pods/Target Support Files/Pods-Task1/Pods-Task1-resources.sh\"\n";
			showEnvVarsInLog = 0;
		};
		69875D77A44556F733A5D6E0 /* Check Pods Manifest.lock */ = {
			isa = PBXShellScriptBuildPhase;
			buildActionMask = 2147483647;
			files = (
			);
			inputPaths = (
			);
			name = "Check Pods Manifest.lock";
			outputPaths = (
			);
			runOnlyForDeploymentPostprocessing = 0;
			shellPath = /bin/sh;
			shellScript = "diff \"${PODS_ROOT}/../Podfile.lock\" \"${PODS_ROOT}/Manifest.lock\" > /dev/null\nif [[ $? != 0 ]] ; then\n    cat << EOM\nerror: The sandbox is not in sync with the Podfile.lock. Run 'pod install' or update your CocoaPods installation.\nEOM\n    exit 1\nfi\n";
			showEnvVarsInLog = 0;
		};
/* End PBXShellScriptBuildPhase section */

/* Begin PBXSourcesBuildPhase section */
		30F68A1B1A58358B009CF572 /* Sources */ = {
			isa = PBXSourcesBuildPhase;
			buildActionMask = 2147483647;
			files = (
				308E97561A5B13EC00BC9C7B /* Player.m in Sources */,
				30F68A311A58358B009CF572 /* PlayerDetailViewController.m in Sources */,
				30F68A2E1A58358B009CF572 /* TeamViewController.m in Sources */,
				3057248C1A5F252200192403 /* StatisticsViewController.m in Sources */,
				30F68A281A58358B009CF572 /* AppDelegate.m in Sources */,
				30F68A2B1A58358B009CF572 /* Task1.xcdatamodeld in Sources */,
				30F68A251A58358B009CF572 /* main.m in Sources */,
				308E97531A5B13EB00BC9C7B /* Team.m in Sources */,
				30F68A691A58603F009CF572 /* CreatePlayerViewController.m in Sources */,
			);
			runOnlyForDeploymentPostprocessing = 0;
		};
		30F68A3A1A58358B009CF572 /* Sources */ = {
			isa = PBXSourcesBuildPhase;
			buildActionMask = 2147483647;
			files = (
				30F68A451A58358B009CF572 /* Task1Tests.m in Sources */,
			);
			runOnlyForDeploymentPostprocessing = 0;
		};
/* End PBXSourcesBuildPhase section */

/* Begin PBXTargetDependency section */
		30F68A401A58358B009CF572 /* PBXTargetDependency */ = {
			isa = PBXTargetDependency;
			target = 30F68A1E1A58358B009CF572 /* Task1 */;
			targetProxy = 30F68A3F1A58358B009CF572 /* PBXContainerItemProxy */;
		};
/* End PBXTargetDependency section */

/* Begin PBXVariantGroup section */
		30F68A321A58358B009CF572 /* Main.storyboard */ = {
			isa = PBXVariantGroup;
			children = (
				30F68A331A58358B009CF572 /* Base */,
			);
			name = Main.storyboard;
			sourceTree = "<group>";
		};
		30F68A371A58358B009CF572 /* LaunchScreen.xib */ = {
			isa = PBXVariantGroup;
			children = (
				30F68A381A58358B009CF572 /* Base */,
			);
			name = LaunchScreen.xib;
			sourceTree = "<group>";
		};
/* End PBXVariantGroup section */

/* Begin XCBuildConfiguration section */
		30F68A461A58358B009CF572 /* Debug */ = {
			isa = XCBuildConfiguration;
			buildSettings = {
				ALWAYS_SEARCH_USER_PATHS = NO;
				CLANG_CXX_LANGUAGE_STANDARD = "gnu++0x";
				CLANG_CXX_LIBRARY = "libc++";
				CLANG_ENABLE_MODULES = YES;
				CLANG_ENABLE_OBJC_ARC = YES;
				CLANG_WARN_BOOL_CONVERSION = YES;
				CLANG_WARN_CONSTANT_CONVERSION = YES;
				CLANG_WARN_DIRECT_OBJC_ISA_USAGE = YES_ERROR;
				CLANG_WARN_EMPTY_BODY = YES;
				CLANG_WARN_ENUM_CONVERSION = YES;
				CLANG_WARN_INT_CONVERSION = YES;
				CLANG_WARN_OBJC_ROOT_CLASS = YES_ERROR;
				CLANG_WARN_UNREACHABLE_CODE = YES;
				CLANG_WARN__DUPLICATE_METHOD_MATCH = YES;
				"CODE_SIGN_IDENTITY[sdk=iphoneos*]" = "iPhone Developer";
				COPY_PHASE_STRIP = NO;
				ENABLE_STRICT_OBJC_MSGSEND = YES;
				GCC_C_LANGUAGE_STANDARD = gnu99;
				GCC_DYNAMIC_NO_PIC = NO;
				GCC_OPTIMIZATION_LEVEL = 0;
				GCC_PREPROCESSOR_DEFINITIONS = (
					"DEBUG=1",
					"$(inherited)",
				);
				GCC_SYMBOLS_PRIVATE_EXTERN = NO;
				GCC_WARN_64_TO_32_BIT_CONVERSION = YES;
				GCC_WARN_ABOUT_RETURN_TYPE = YES_ERROR;
				GCC_WARN_UNDECLARED_SELECTOR = YES;
				GCC_WARN_UNINITIALIZED_AUTOS = YES_AGGRESSIVE;
				GCC_WARN_UNUSED_FUNCTION = YES;
				GCC_WARN_UNUSED_VARIABLE = YES;
				IPHONEOS_DEPLOYMENT_TARGET = 8.1;
				MTL_ENABLE_DEBUG_INFO = YES;
				ONLY_ACTIVE_ARCH = YES;
				SDKROOT = iphoneos;
			};
			name = Debug;
		};
		30F68A471A58358B009CF572 /* Release */ = {
			isa = XCBuildConfiguration;
			buildSettings = {
				ALWAYS_SEARCH_USER_PATHS = NO;
				CLANG_CXX_LANGUAGE_STANDARD = "gnu++0x";
				CLANG_CXX_LIBRARY = "libc++";
				CLANG_ENABLE_MODULES = YES;
				CLANG_ENABLE_OBJC_ARC = YES;
				CLANG_WARN_BOOL_CONVERSION = YES;
				CLANG_WARN_CONSTANT_CONVERSION = YES;
				CLANG_WARN_DIRECT_OBJC_ISA_USAGE = YES_ERROR;
				CLANG_WARN_EMPTY_BODY = YES;
				CLANG_WARN_ENUM_CONVERSION = YES;
				CLANG_WARN_INT_CONVERSION = YES;
				CLANG_WARN_OBJC_ROOT_CLASS = YES_ERROR;
				CLANG_WARN_UNREACHABLE_CODE = YES;
				CLANG_WARN__DUPLICATE_METHOD_MATCH = YES;
				"CODE_SIGN_IDENTITY[sdk=iphoneos*]" = "iPhone Developer";
				COPY_PHASE_STRIP = YES;
				ENABLE_NS_ASSERTIONS = NO;
				ENABLE_STRICT_OBJC_MSGSEND = YES;
				GCC_C_LANGUAGE_STANDARD = gnu99;
				GCC_WARN_64_TO_32_BIT_CONVERSION = YES;
				GCC_WARN_ABOUT_RETURN_TYPE = YES_ERROR;
				GCC_WARN_UNDECLARED_SELECTOR = YES;
				GCC_WARN_UNINITIALIZED_AUTOS = YES_AGGRESSIVE;
				GCC_WARN_UNUSED_FUNCTION = YES;
				GCC_WARN_UNUSED_VARIABLE = YES;
				IPHONEOS_DEPLOYMENT_TARGET = 8.1;
				MTL_ENABLE_DEBUG_INFO = NO;
				SDKROOT = iphoneos;
				VALIDATE_PRODUCT = YES;
			};
			name = Release;
		};
		30F68A491A58358B009CF572 /* Debug */ = {
			isa = XCBuildConfiguration;
			baseConfigurationReference = 57835F5E0DB07EAB5A46F36D /* Pods-Task1.debug.xcconfig */;
			buildSettings = {
				ASSETCATALOG_COMPILER_APPICON_NAME = AppIcon;
				INFOPLIST_FILE = Task1/Info.plist;
				IPHONEOS_DEPLOYMENT_TARGET = 8.1;
				LD_RUNPATH_SEARCH_PATHS = "$(inherited) @executable_path/Frameworks";
				PRODUCT_NAME = "$(TARGET_NAME)";
			};
			name = Debug;
		};
		30F68A4A1A58358B009CF572 /* Release */ = {
			isa = XCBuildConfiguration;
			baseConfigurationReference = 080F959EB9B5D56AAA12C556 /* Pods-Task1.release.xcconfig */;
			buildSettings = {
				ASSETCATALOG_COMPILER_APPICON_NAME = AppIcon;
				INFOPLIST_FILE = Task1/Info.plist;
				IPHONEOS_DEPLOYMENT_TARGET = 8.1;
				LD_RUNPATH_SEARCH_PATHS = "$(inherited) @executable_path/Frameworks";
				PRODUCT_NAME = "$(TARGET_NAME)";
			};
			name = Release;
		};
		30F68A4C1A58358B009CF572 /* Debug */ = {
			isa = XCBuildConfiguration;
			buildSettings = {
				BUNDLE_LOADER = "$(TEST_HOST)";
				FRAMEWORK_SEARCH_PATHS = (
					"$(SDKROOT)/Developer/Library/Frameworks",
					"$(inherited)",
				);
				GCC_PREPROCESSOR_DEFINITIONS = (
					"DEBUG=1",
					"$(inherited)",
				);
				INFOPLIST_FILE = Task1Tests/Info.plist;
				LD_RUNPATH_SEARCH_PATHS = "$(inherited) @executable_path/Frameworks @loader_path/Frameworks";
				PRODUCT_NAME = "$(TARGET_NAME)";
				TEST_HOST = "$(BUILT_PRODUCTS_DIR)/Task1.app/Task1";
			};
			name = Debug;
		};
		30F68A4D1A58358B009CF572 /* Release */ = {
			isa = XCBuildConfiguration;
			buildSettings = {
				BUNDLE_LOADER = "$(TEST_HOST)";
				FRAMEWORK_SEARCH_PATHS = (
					"$(SDKROOT)/Developer/Library/Frameworks",
					"$(inherited)",
				);
				INFOPLIST_FILE = Task1Tests/Info.plist;
				LD_RUNPATH_SEARCH_PATHS = "$(inherited) @executable_path/Frameworks @loader_path/Frameworks";
				PRODUCT_NAME = "$(TARGET_NAME)";
				TEST_HOST = "$(BUILT_PRODUCTS_DIR)/Task1.app/Task1";
			};
			name = Release;
		};
/* End XCBuildConfiguration section */

/* Begin XCConfigurationList section */
		30F68A1A1A58358B009CF572 /* Build configuration list for PBXProject "Task1" */ = {
			isa = XCConfigurationList;
			buildConfigurations = (
				30F68A461A58358B009CF572 /* Debug */,
				30F68A471A58358B009CF572 /* Release */,
			);
			defaultConfigurationIsVisible = 0;
			defaultConfigurationName = Release;
		};
		30F68A481A58358B009CF572 /* Build configuration list for PBXNativeTarget "Task1" */ = {
			isa = XCConfigurationList;
			buildConfigurations = (
				30F68A491A58358B009CF572 /* Debug */,
				30F68A4A1A58358B009CF572 /* Release */,
			);
			defaultConfigurationIsVisible = 0;
			defaultConfigurationName = Release;
		};
		30F68A4B1A58358B009CF572 /* Build configuration list for PBXNativeTarget "Task1Tests" */ = {
			isa = XCConfigurationList;
			buildConfigurations = (
				30F68A4C1A58358B009CF572 /* Debug */,
				30F68A4D1A58358B009CF572 /* Release */,
			);
			defaultConfigurationIsVisible = 0;
			defaultConfigurationName = Release;
		};
/* End XCConfigurationList section */

/* Begin XCVersionGroup section */
		30F68A291A58358B009CF572 /* Task1.xcdatamodeld */ = {
			isa = XCVersionGroup;
			children = (
				30F68A2A1A58358B009CF572 /* Task1.xcdatamodel */,
			);
			currentVersion = 30F68A2A1A58358B009CF572 /* Task1.xcdatamodel */;
			path = Task1.xcdatamodeld;
			sourceTree = "<group>";
			versionGroupType = wrapper.xcdatamodel;
		};
/* End XCVersionGroup section */
	};
	rootObject = 30F68A171A58358B009CF572 /* Project object */;
}
